
Microsoft Visual Studio Solution File, Format Version 12.00
# Visual Studio Version 16
VisualStudioVersion = 16.0.32413.511
MinimumVisualStudioVersion = 10.0.40219.1
Project("{FAE04EC0-301F-11D3-BF4B-00C04F79EFBC}") = "kare_ve_küp_alma", "kare_ve_küp_alma.csproj", "{0012A1FB-55C8-4397-9316-299B13E43EDA}"
EndProject
Global
	GlobalSection(SolutionConfigurationPlatforms) = preSolution
		Debug|Any CPU = Debug|Any CPU
		Release|Any CPU = Release|Any CPU
	EndGlobalSection
	GlobalSection(ProjectConfigurationPlatforms) = postSolution
		{0012A1FB-55C8-4397-9316-299B13E43EDA}.Debug|Any CPU.ActiveCfg = Debug|Any CPU
		{0012A1FB-55C8-4397-9316-299B13E43EDA}.Debug|Any CPU.Build.0 = Debug|Any CPU
		{0012A1FB-55C8-4397-9316-299B13E43EDA}.Release|Any CPU.ActiveCfg = Release|Any CPU
		{0012A1FB-55C8-4397-9316-299B13E43EDA}.Release|Any CPU.Build.0 = Release|Any CPU
	EndGlobalSection
	GlobalSection(SolutionProperties) = preSolution
		HideSolutionNode = FALSE
	EndGlobalSection
	GlobalSection(ExtensibilityGlobals) = postSolution
		SolutionGuid = {88866659-D974-4B7C-8C3A-550F632D0386}
	EndGlobalSection
EndGlobal
